schema: '2.0'
stages:
  Training:
    cmd: python code/Train.py
    deps:
    - path: code/Train.py
      md5: 4dd9206bf29563d73aab2144270f8a65
      size: 2105
    outs:
    - path: out
      md5: 0db22f033b98664327c5634868cb0b63.dir
      size: 2077
      nfiles: 1
  Testing:
    cmd: python code/Test.py
    deps:
    - path: HumanEvent_Model.pkl
      md5: 075e490dafe212b6dda485714b9b983b
      size: 210378
    - path: code/Test.py
      md5: 5562776271b0e39fe0a28257865bdf0d
      size: 1720
    outs:
    - path: out1
      md5: 81b65b077d7a0d542296b8f1d3d1c7b1.dir
      size: 658409
      nfiles: 1
